
Microsoft Visual Studio Solution File, Format Version 12.00
# Visual Studio Version 17
VisualStudioVersion = 17.0.31903.59
MinimumVisualStudioVersion = 10.0.40219.1
Project("{FAE04EC0-301F-11D3-BF4B-00C04F79EFBC}") = "laboratorio 9", "laboratorio 9\laboratorio 9.csproj", "{949A94AB-6D0E-4269-A2DE-DEE291A1FF6C}"
EndProject
Project("{FAE04EC0-301F-11D3-BF4B-00C04F79EFBC}") = "ConsoleApp1", "ConsoleApp1\ConsoleApp1.csproj", "{9319AA91-7736-418A-A9A8-A33BDA0097DB}"
EndProject
Global
	GlobalSection(SolutionConfigurationPlatforms) = preSolution
		Debug|Any CPU = Debug|Any CPU
		Release|Any CPU = Release|Any CPU
	EndGlobalSection
	GlobalSection(SolutionProperties) = preSolution
		HideSolutionNode = FALSE
	EndGlobalSection
	GlobalSection(ProjectConfigurationPlatforms) = postSolution
		{949A94AB-6D0E-4269-A2DE-DEE291A1FF6C}.Debug|Any CPU.ActiveCfg = Debug|Any CPU
		{949A94AB-6D0E-4269-A2DE-DEE291A1FF6C}.Debug|Any CPU.Build.0 = Debug|Any CPU
		{949A94AB-6D0E-4269-A2DE-DEE291A1FF6C}.Release|Any CPU.ActiveCfg = Release|Any CPU
		{949A94AB-6D0E-4269-A2DE-DEE291A1FF6C}.Release|Any CPU.Build.0 = Release|Any CPU
		{9319AA91-7736-418A-A9A8-A33BDA0097DB}.Debug|Any CPU.ActiveCfg = Debug|Any CPU
		{9319AA91-7736-418A-A9A8-A33BDA0097DB}.Debug|Any CPU.Build.0 = Debug|Any CPU
		{9319AA91-7736-418A-A9A8-A33BDA0097DB}.Release|Any CPU.ActiveCfg = Release|Any CPU
		{9319AA91-7736-418A-A9A8-A33BDA0097DB}.Release|Any CPU.Build.0 = Release|Any CPU
	EndGlobalSection
EndGlobal
